
Microsoft Visual Studio Solution File, Format Version 12.00
# Visual Studio Version 17
VisualStudioVersion = 17.9.34728.123
MinimumVisualStudioVersion = 10.0.40219.1
Project("{FAE04EC0-301F-11D3-BF4B-00C04F79EFBC}") = "Server", "Server.csproj", "{32C4F75D-2C15-49F2-9460-363550A64469}"
EndProject
Global
	GlobalSection(SolutionConfigurationPlatforms) = preSolution
		Debug|Any CPU = Debug|Any CPU
		Release|Any CPU = Release|Any CPU
	EndGlobalSection
	GlobalSection(ProjectConfigurationPlatforms) = postSolution
		{32C4F75D-2C15-49F2-9460-363550A64469}.Debug|Any CPU.ActiveCfg = Debug|Any CPU
		{32C4F75D-2C15-49F2-9460-363550A64469}.Debug|Any CPU.Build.0 = Debug|Any CPU
		{32C4F75D-2C15-49F2-9460-363550A64469}.Release|Any CPU.ActiveCfg = Release|Any CPU
		{32C4F75D-2C15-49F2-9460-363550A64469}.Release|Any CPU.Build.0 = Release|Any CPU
	EndGlobalSection
	GlobalSection(SolutionProperties) = preSolution
		HideSolutionNode = FALSE
	EndGlobalSection
	GlobalSection(ExtensibilityGlobals) = postSolution
		SolutionGuid = {2ECBB7E5-E745-48D0-B835-75C82DDDA815}
	EndGlobalSection
EndGlobal
